
Microsoft Visual Studio Solution File, Format Version 12.00
# Visual Studio Version 17
VisualStudioVersion = 17.3.32922.545
MinimumVisualStudioVersion = 10.0.40219.1
Project("{FAE04EC0-301F-11D3-BF4B-00C04F79EFBC}") = "DS.Store.UI", "DS.Store.UI\DS.Store.UI.csproj", "{6C045BAA-6650-493E-9595-4A5C468AEA6D}"
EndProject
Global
	GlobalSection(SolutionConfigurationPlatforms) = preSolution
		Debug|Any CPU = Debug|Any CPU
		Release|Any CPU = Release|Any CPU
	EndGlobalSection
	GlobalSection(ProjectConfigurationPlatforms) = postSolution
		{6C045BAA-6650-493E-9595-4A5C468AEA6D}.Debug|Any CPU.ActiveCfg = Debug|Any CPU
		{6C045BAA-6650-493E-9595-4A5C468AEA6D}.Debug|Any CPU.Build.0 = Debug|Any CPU
		{6C045BAA-6650-493E-9595-4A5C468AEA6D}.Release|Any CPU.ActiveCfg = Release|Any CPU
		{6C045BAA-6650-493E-9595-4A5C468AEA6D}.Release|Any CPU.Build.0 = Release|Any CPU
	EndGlobalSection
	GlobalSection(SolutionProperties) = preSolution
		HideSolutionNode = FALSE
	EndGlobalSection
	GlobalSection(ExtensibilityGlobals) = postSolution
		SolutionGuid = {9C5337DC-1392-45F6-96E4-EC366C94C787}
	EndGlobalSection
EndGlobal
